
Microsoft Visual Studio Solution File, Format Version 12.00
# Visual Studio Version 16
VisualStudioVersion = 16.0.29709.97
MinimumVisualStudioVersion = 10.0.40219.1
Project("{00D1A9C2-B5F0-4AF3-8072-F6C62B433612}") = "NewSQLDacpacTestingProject", "NewSQLDacpacTestingProject.sqlproj", "{991AFC76-38B5-4038-9573-B07F6B632AC2}"
EndProject
Global
	GlobalSection(SolutionConfigurationPlatforms) = preSolution
		Debug|Any CPU = Debug|Any CPU
		Release|Any CPU = Release|Any CPU
	EndGlobalSection
	GlobalSection(ProjectConfigurationPlatforms) = postSolution
		{991AFC76-38B5-4038-9573-B07F6B632AC2}.Debug|Any CPU.ActiveCfg = Debug|Any CPU
		{991AFC76-38B5-4038-9573-B07F6B632AC2}.Debug|Any CPU.Build.0 = Debug|Any CPU
		{991AFC76-38B5-4038-9573-B07F6B632AC2}.Debug|Any CPU.Deploy.0 = Debug|Any CPU
		{991AFC76-38B5-4038-9573-B07F6B632AC2}.Release|Any CPU.ActiveCfg = Release|Any CPU
		{991AFC76-38B5-4038-9573-B07F6B632AC2}.Release|Any CPU.Build.0 = Release|Any CPU
		{991AFC76-38B5-4038-9573-B07F6B632AC2}.Release|Any CPU.Deploy.0 = Release|Any CPU
	EndGlobalSection
	GlobalSection(SolutionProperties) = preSolution
		HideSolutionNode = FALSE
	EndGlobalSection
	GlobalSection(ExtensibilityGlobals) = postSolution
		SolutionGuid = {42A7DD1C-9DC2-413A-9634-6D8BFBD5AFDA}
	EndGlobalSection
EndGlobal
